
Microsoft Visual Studio Solution File, Format Version 12.00
# Visual Studio 14
VisualStudioVersion = 14.0.25420.1
MinimumVisualStudioVersion = 10.0.40219.1
Project("{FAE04EC0-301F-11D3-BF4B-00C04F79EFBC}") = "STM32F4DISC_Test", "STM32F4DISC_Test\STM32F4DISC_Test.csproj", "{CDCB470C-1F04-4C4B-A296-7C10506D292C}"
EndProject
Global
	GlobalSection(SolutionConfigurationPlatforms) = preSolution
		Debug|Any CPU = Debug|Any CPU
		Release|Any CPU = Release|Any CPU
	EndGlobalSection
	GlobalSection(ProjectConfigurationPlatforms) = postSolution
		{CDCB470C-1F04-4C4B-A296-7C10506D292C}.Debug|Any CPU.ActiveCfg = Debug|Any CPU
		{CDCB470C-1F04-4C4B-A296-7C10506D292C}.Debug|Any CPU.Build.0 = Debug|Any CPU
		{CDCB470C-1F04-4C4B-A296-7C10506D292C}.Debug|Any CPU.Deploy.0 = Debug|Any CPU
		{CDCB470C-1F04-4C4B-A296-7C10506D292C}.Release|Any CPU.ActiveCfg = Release|Any CPU
		{CDCB470C-1F04-4C4B-A296-7C10506D292C}.Release|Any CPU.Build.0 = Release|Any CPU
		{CDCB470C-1F04-4C4B-A296-7C10506D292C}.Release|Any CPU.Deploy.0 = Release|Any CPU
	EndGlobalSection
	GlobalSection(SolutionProperties) = preSolution
		HideSolutionNode = FALSE
	EndGlobalSection
EndGlobal
